// !$*UTF8*$!
{
	archiveVersion = 1;
	classes = {
	};
	objectVersion = 50;
	objects = {

/* Begin PBXBuildFile section */
		81A0698F25B4F42E00C75533 /* AppDelegate.swift in Sources */ = {isa = PBXBuildFile; fileRef = 81A0698E25B4F42E00C75533 /* AppDelegate.swift */; };
		81A0699125B4F42E00C75533 /* SceneDelegate.swift in Sources */ = {isa = PBXBuildFile; fileRef = 81A0699025B4F42E00C75533 /* SceneDelegate.swift */; };
		81A0699325B4F42E00C75533 /* ViewController.swift in Sources */ = {isa = PBXBuildFile; fileRef = 81A0699225B4F42E00C75533 /* ViewController.swift */; };
		81A0699625B4F42E00C75533 /* Main.storyboard in Resources */ = {isa = PBXBuildFile; fileRef = 81A0699425B4F42E00C75533 /* Main.storyboard */; };
		81A0699925B4F42E00C75533 /* Tute11CD.xcdatamodeld in Sources */ = {isa = PBXBuildFile; fileRef = 81A0699725B4F42E00C75533 /* Tute11CD.xcdatamodeld */; };
		81A0699B25B4F43100C75533 /* Assets.xcassets in Resources */ = {isa = PBXBuildFile; fileRef = 81A0699A25B4F43100C75533 /* Assets.xcassets */; };
		81A0699E25B4F43100C75533 /* LaunchScreen.storyboard in Resources */ = {isa = PBXBuildFile; fileRef = 81A0699C25B4F43100C75533 /* LaunchScreen.storyboard */; };
		81A069A925B4F43100C75533 /* Tute11CDTests.swift in Sources */ = {isa = PBXBuildFile; fileRef = 81A069A825B4F43100C75533 /* Tute11CDTests.swift */; };
		81A069B425B4F43100C75533 /* Tute11CDUITests.swift in Sources */ = {isa = PBXBuildFile; fileRef = 81A069B325B4F43100C75533 /* Tute11CDUITests.swift */; };
		81A069C525B4F89300C75533 /* DBM.swift in Sources */ = {isa = PBXBuildFile; fileRef = 81A069C425B4F89300C75533 /* DBM.swift */; };
		81A069CA25B4FC6100C75533 /* 2ndViewController.swift in Sources */ = {isa = PBXBuildFile; fileRef = 81A069C925B4FC6100C75533 /* 2ndViewController.swift */; };
		81A069CF25B510FE00C75533 /* TableViewCell.swift in Sources */ = {isa = PBXBuildFile; fileRef = 81A069CE25B510FE00C75533 /* TableViewCell.swift */; };
/* End PBXBuildFile section */

/* Begin PBXContainerItemProxy section */
		81A069A525B4F43100C75533 /* PBXContainerItemProxy */ = {
			isa = PBXContainerItemProxy;
			containerPortal = 81A0698325B4F42E00C75533 /* Project object */;
			proxyType = 1;
			remoteGlobalIDString = 81A0698A25B4F42E00C75533;
			remoteInfo = Tute11CD;
		};
		81A069B025B4F43100C75533 /* PBXContainerItemProxy */ = {
			isa = PBXContainerItemProxy;
			containerPortal = 81A0698325B4F42E00C75533 /* Project object */;
			proxyType = 1;
			remoteGlobalIDString = 81A0698A25B4F42E00C75533;
			remoteInfo = Tute11CD;
		};
/* End PBXContainerItemProxy section */

/* Begin PBXFileReference section */
		81A0698B25B4F42E00C75533 /* Tute11CD.app */ = {isa = PBXFileReference; explicitFileType = wrapper.application; includeInIndex = 0; path = Tute11CD.app; sourceTree = BUILT_PRODUCTS_DIR; };
		81A0698E25B4F42E00C75533 /* AppDelegate.swift */ = {isa = PBXFileReference; lastKnownFileType = sourcecode.swift; path = AppDelegate.swift; sourceTree = "<group>"; };
		81A0699025B4F42E00C75533 /* SceneDelegate.swift */ = {isa = PBXFileReference; lastKnownFileType = sourcecode.swift; path = SceneDelegate.swift; sourceTree = "<group>"; };
		81A0699225B4F42E00C75533 /* ViewController.swift */ = {isa = PBXFileReference; lastKnownFileType = sourcecode.swift; path = ViewController.swift; sourceTree = "<group>"; };
		81A0699525B4F42E00C75533 /* Base */ = {isa = PBXFileReference; lastKnownFileType = file.storyboard; name = Base; path = Base.lproj/Main.storyboard; sourceTree = "<group>"; };
		81A0699825B4F42E00C75533 /* Tute11CD.xcdatamodel */ = {isa = PBXFileReference; lastKnownFileType = wrapper.xcdatamodel; path = Tute11CD.xcdatamodel; sourceTree = "<group>"; };
		81A0699A25B4F43100C75533 /* Assets.xcassets */ = {isa = PBXFileReference; lastKnownFileType = folder.assetcatalog; path = Assets.xcassets; sourceTree = "<group>"; };
		81A0699D25B4F43100C75533 /* Base */ = {isa = PBXFileReference; lastKnownFileType = file.storyboard; name = Base; path = Base.lproj/LaunchScreen.storyboard; sourceTree = "<group>"; };
		81A0699F25B4F43100C75533 /* Info.plist */ = {isa = PBXFileReference; lastKnownFileType = text.plist.xml; path = Info.plist; sourceTree = "<group>"; };
		81A069A425B4F43100C75533 /* Tute11CDTests.xctest */ = {isa = PBXFileReference; explicitFileType = wrapper.cfbundle; includeInIndex = 0; path = Tute11CDTests.xctest; sourceTree = BUILT_PRODUCTS_DIR; };
		81A069A825B4F43100C75533 /* Tute11CDTests.swift */ = {isa = PBXFileReference; lastKnownFileType = sourcecode.swift; path = Tute11CDTests.swift; sourceTree = "<group>"; };
		81A069AA25B4F43100C75533 /* Info.plist */ = {isa = PBXFileReference; lastKnownFileType = text.plist.xml; path = Info.plist; sourceTree = "<group>"; };
		81A069AF25B4F43100C75533 /* Tute11CDUITests.xctest */ = {isa = PBXFileReference; explicitFileType = wrapper.cfbundle; includeInIndex = 0; path = Tute11CDUITests.xctest; sourceTree = BUILT_PRODUCTS_DIR; };
		81A069B325B4F43100C75533 /* Tute11CDUITests.swift */ = {isa = PBXFileReference; lastKnownFileType = sourcecode.swift; path = Tute11CDUITests.swift; sourceTree = "<group>"; };
		81A069B525B4F43100C75533 /* Info.plist */ = {isa = PBXFileReference; lastKnownFileType = text.plist.xml; path = Info.plist; sourceTree = "<group>"; };
		81A069C425B4F89300C75533 /* DBM.swift */ = {isa = PBXFileReference; lastKnownFileType = sourcecode.swift; path = DBM.swift; sourceTree = "<group>"; };
		81A069C925B4FC6100C75533 /* 2ndViewController.swift */ = {isa = PBXFileReference; lastKnownFileType = sourcecode.swift; path = 2ndViewController.swift; sourceTree = "<group>"; };
		81A069CE25B510FE00C75533 /* TableViewCell.swift */ = {isa = PBXFileReference; lastKnownFileType = sourcecode.swift; path = TableViewCell.swift; sourceTree = "<group>"; };
/* End PBXFileReference section */

/* Begin PBXFrameworksBuildPhase section */
		81A0698825B4F42E00C75533 /* Frameworks */ = {
			isa = PBXFrameworksBuildPhase;
			buildActionMask = 2147483647;
			files = (
			);
			runOnlyForDeploymentPostprocessing = 0;
		};
		81A069A125B4F43100C75533 /* Frameworks */ = {
			isa = PBXFrameworksBuildPhase;
			buildActionMask = 2147483647;
			files = (
			);
			runOnlyForDeploymentPostprocessing = 0;
		};
		81A069AC25B4F43100C75533 /* Frameworks */ = {
			isa = PBXFrameworksBuildPhase;
			buildActionMask = 2147483647;
			files = (
			);
			runOnlyForDeploymentPostprocessing = 0;
		};
/* End PBXFrameworksBuildPhase section */

/* Begin PBXGroup section */
		81A0698225B4F42E00C75533 = {
			isa = PBXGroup;
			children = (
				81A0698D25B4F42E00C75533 /* Tute11CD */,
				81A069A725B4F43100C75533 /* Tute11CDTests */,
				81A069B225B4F43100C75533 /* Tute11CDUITests */,
				81A0698C25B4F42E00C75533 /* Products */,
			);
			sourceTree = "<group>";
		};
		81A0698C25B4F42E00C75533 /* Products */ = {
			isa = PBXGroup;
			children = (
				81A0698B25B4F42E00C75533 /* Tute11CD.app */,
				81A069A425B4F43100C75533 /* Tute11CDTests.xctest */,
				81A069AF25B4F43100C75533 /* Tute11CDUITests.xctest */,
			);
			name = Products;
			sourceTree = "<group>";
		};
		81A0698D25B4F42E00C75533 /* Tute11CD */ = {
			isa = PBXGroup;
			children = (
				81A0698E25B4F42E00C75533 /* AppDelegate.swift */,
				81A0699025B4F42E00C75533 /* SceneDelegate.swift */,
				81A0699225B4F42E00C75533 /* ViewController.swift */,
				81A0699425B4F42E00C75533 /* Main.storyboard */,
				81A069CE25B510FE00C75533 /* TableViewCell.swift */,
				81A069C925B4FC6100C75533 /* 2ndViewController.swift */,
				81A069C425B4F89300C75533 /* DBM.swift */,
				81A0699A25B4F43100C75533 /* Assets.xcassets */,
				81A0699C25B4F43100C75533 /* LaunchScreen.storyboard */,
				81A0699F25B4F43100C75533 /* Info.plist */,
				81A0699725B4F42E00C75533 /* Tute11CD.xcdatamodeld */,
			);
			path = Tute11CD;
			sourceTree = "<group>";
		};
		81A069A725B4F43100C75533 /* Tute11CDTests */ = {
			isa = PBXGroup;
			children = (
				81A069A825B4F43100C75533 /* Tute11CDTests.swift */,
				81A069AA25B4F43100C75533 /* Info.plist */,
			);
			path = Tute11CDTests;
			sourceTree = "<group>";
		};
		81A069B225B4F43100C75533 /* Tute11CDUITests */ = {
			isa = PBXGroup;
			children = (
				81A069B325B4F43100C75533 /* Tute11CDUITests.swift */,
				81A069B525B4F43100C75533 /* Info.plist */,
			);
			path = Tute11CDUITests;
			sourceTree = "<group>";
		};
/* End PBXGroup section */

/* Begin PBXNativeTarget section */
		81A0698A25B4F42E00C75533 /* Tute11CD */ = {
			isa = PBXNativeTarget;
			buildConfigurationList = 81A069B825B4F43100C75533 /* Build configuration list for PBXNativeTarget "Tute11CD" */;
			buildPhases = (
				81A0698725B4F42E00C75533 /* Sources */,
				81A0698825B4F42E00C75533 /* Frameworks */,
				81A0698925B4F42E00C75533 /* Resources */,
			);
			buildRules = (
			);
			dependencies = (
			);
			name = Tute11CD;
			productName = Tute11CD;
			productReference = 81A0698B25B4F42E00C75533 /* Tute11CD.app */;
			productType = "com.apple.product-type.application";
		};
		81A069A325B4F43100C75533 /* Tute11CDTests */ = {
			isa = PBXNativeTarget;
			buildConfigurationList = 81A069BB25B4F43100C75533 /* Build configuration list for PBXNativeTarget "Tute11CDTests" */;
			buildPhases = (
				81A069A025B4F43100C75533 /* Sources */,
				81A069A125B4F43100C75533 /* Frameworks */,
				81A069A225B4F43100C75533 /* Resources */,
			);
			buildRules = (
			);
			dependencies = (
				81A069A625B4F43100C75533 /* PBXTargetDependency */,
			);
			name = Tute11CDTests;
			productName = Tute11CDTests;
			productReference = 81A069A425B4F43100C75533 /* Tute11CDTests.xctest */;
			productType = "com.apple.product-type.bundle.unit-test";
		};
		81A069AE25B4F43100C75533 /* Tute11CDUITests */ = {
			isa = PBXNativeTarget;
			buildConfigurationList = 81A069BE25B4F43100C75533 /* Build configuration list for PBXNativeTarget "Tute11CDUITests" */;
			buildPhases = (
				81A069AB25B4F43100C75533 /* Sources */,
				81A069AC25B4F43100C75533 /* Frameworks */,
				81A069AD25B4F43100C75533 /* Resources */,
			);
			buildRules = (
			);
			dependencies = (
				81A069B125B4F43100C75533 /* PBXTargetDependency */,
			);
			name = Tute11CDUITests;
			productName = Tute11CDUITests;
			productReference = 81A069AF25B4F43100C75533 /* Tute11CDUITests.xctest */;
			productType = "com.apple.product-type.bundle.ui-testing";
		};
/* End PBXNativeTarget section */

/* Begin PBXProject section */
		81A0698325B4F42E00C75533 /* Project object */ = {
			isa = PBXProject;
			attributes = {
				LastSwiftUpdateCheck = 1230;
				LastUpgradeCheck = 1230;
				TargetAttributes = {
					81A0698A25B4F42E00C75533 = {
						CreatedOnToolsVersion = 12.3;
					};
					81A069A325B4F43100C75533 = {
						CreatedOnToolsVersion = 12.3;
						TestTargetID = 81A0698A25B4F42E00C75533;
					};
					81A069AE25B4F43100C75533 = {
						CreatedOnToolsVersion = 12.3;
						TestTargetID = 81A0698A25B4F42E00C75533;
					};
				};
			};
			buildConfigurationList = 81A0698625B4F42E00C75533 /* Build configuration list for PBXProject "Tute11CD" */;
			compatibilityVersion = "Xcode 9.3";
			developmentRegion = en;
			hasScannedForEncodings = 0;
			knownRegions = (
				en,
				Base,
			);
			mainGroup = 81A0698225B4F42E00C75533;
			productRefGroup = 81A0698C25B4F42E00C75533 /* Products */;
			projectDirPath = "";
			projectRoot = "";
			targets = (
				81A0698A25B4F42E00C75533 /* Tute11CD */,
				81A069A325B4F43100C75533 /* Tute11CDTests */,
				81A069AE25B4F43100C75533 /* Tute11CDUITests */,
			);
		};
/* End PBXProject section */

/* Begin PBXResourcesBuildPhase section */
		81A0698925B4F42E00C75533 /* Resources */ = {
			isa = PBXResourcesBuildPhase;
			buildActionMask = 2147483647;
			files = (
				81A0699E25B4F43100C75533 /* LaunchScreen.storyboard in Resources */,
				81A0699B25B4F43100C75533 /* Assets.xcassets in Resources */,
				81A0699625B4F42E00C75533 /* Main.storyboard in Resources */,
			);
			runOnlyForDeploymentPostprocessing = 0;
		};
		81A069A225B4F43100C75533 /* Resources */ = {
			isa = PBXResourcesBuildPhase;
			buildActionMask = 2147483647;
			files = (
			);
			runOnlyForDeploymentPostprocessing = 0;
		};
		81A069AD25B4F43100C75533 /* Resources */ = {
			isa = PBXResourcesBuildPhase;
			buildActionMask = 2147483647;
			files = (
			);
			runOnlyForDeploymentPostprocessing = 0;
		};
/* End PBXResourcesBuildPhase section */

/* Begin PBXSourcesBuildPhase section */
		81A0698725B4F42E00C75533 /* Sources */ = {
			isa = PBXSourcesBuildPhase;
			buildActionMask = 2147483647;
			files = (
				81A0699925B4F42E00C75533 /* Tute11CD.xcdatamodeld in Sources */,
				81A0699325B4F42E00C75533 /* ViewController.swift in Sources */,
				81A0698F25B4F42E00C75533 /* AppDelegate.swift in Sources */,
				81A069CA25B4FC6100C75533 /* 2ndViewController.swift in Sources */,
				81A0699125B4F42E00C75533 /* SceneDelegate.swift in Sources */,
				81A069CF25B510FE00C75533 /* TableViewCell.swift in Sources */,
				81A069C525B4F89300C75533 /* DBM.swift in Sources */,
			);
			runOnlyForDeploymentPostprocessing = 0;
		};
		81A069A025B4F43100C75533 /* Sources */ = {
			isa = PBXSourcesBuildPhase;
			buildActionMask = 2147483647;
			files = (
				81A069A925B4F43100C75533 /* Tute11CDTests.swift in Sources */,
			);
			runOnlyForDeploymentPostprocessing = 0;
		};
		81A069AB25B4F43100C75533 /* Sources */ = {
			isa = PBXSourcesBuildPhase;
			buildActionMask = 2147483647;
			files = (
				81A069B425B4F43100C75533 /* Tute11CDUITests.swift in Sources */,
			);
			runOnlyForDeploymentPostprocessing = 0;
		};
/* End PBXSourcesBuildPhase section */

/* Begin PBXTargetDependency section */
		81A069A625B4F43100C75533 /* PBXTargetDependency */ = {
			isa = PBXTargetDependency;
			target = 81A0698A25B4F42E00C75533 /* Tute11CD */;
			targetProxy = 81A069A525B4F43100C75533 /* PBXContainerItemProxy */;
		};
		81A069B125B4F43100C75533 /* PBXTargetDependency */ = {
			isa = PBXTargetDependency;
			target = 81A0698A25B4F42E00C75533 /* Tute11CD */;
			targetProxy = 81A069B025B4F43100C75533 /* PBXContainerItemProxy */;
		};
/* End PBXTargetDependency section */

/* Begin PBXVariantGroup section */
		81A0699425B4F42E00C75533 /* Main.storyboard */ = {
			isa = PBXVariantGroup;
			children = (
				81A0699525B4F42E00C75533 /* Base */,
			);
			name = Main.storyboard;
			sourceTree = "<group>";
		};
		81A0699C25B4F43100C75533 /* LaunchScreen.storyboard */ = {
			isa = PBXVariantGroup;
			children = (
				81A0699D25B4F43100C75533 /* Base */,
			);
			name = LaunchScreen.storyboard;
			sourceTree = "<group>";
		};
/* End PBXVariantGroup section */

/* Begin XCBuildConfiguration section */
		81A069B625B4F43100C75533 /* Debug */ = {
			isa = XCBuildConfiguration;
			buildSettings = {
				ALWAYS_SEARCH_USER_PATHS = NO;
				CLANG_ANALYZER_NONNULL = YES;
				CLANG_ANALYZER_NUMBER_OBJECT_CONVERSION = YES_AGGRESSIVE;
				CLANG_CXX_LANGUAGE_STANDARD = "gnu++14";
				CLANG_CXX_LIBRARY = "libc++";
				CLANG_ENABLE_MODULES = YES;
				CLANG_ENABLE_OBJC_ARC = YES;
				CLANG_ENABLE_OBJC_WEAK = YES;
				CLANG_WARN_BLOCK_CAPTURE_AUTORELEASING = YES;
				CLANG_WARN_BOOL_CONVERSION = YES;
				CLANG_WARN_COMMA = YES;
				CLANG_WARN_CONSTANT_CONVERSION = YES;
				CLANG_WARN_DEPRECATED_OBJC_IMPLEMENTATIONS = YES;
				CLANG_WARN_DIRECT_OBJC_ISA_USAGE = YES_ERROR;
				CLANG_WARN_DOCUMENTATION_COMMENTS = YES;
				CLANG_WARN_EMPTY_BODY = YES;
				CLANG_WARN_ENUM_CONVERSION = YES;
				CLANG_WARN_INFINITE_RECURSION = YES;
				CLANG_WARN_INT_CONVERSION = YES;
				CLANG_WARN_NON_LITERAL_NULL_CONVERSION = YES;
				CLANG_WARN_OBJC_IMPLICIT_RETAIN_SELF = YES;
				CLANG_WARN_OBJC_LITERAL_CONVERSION = YES;
				CLANG_WARN_OBJC_ROOT_CLASS = YES_ERROR;
				CLANG_WARN_QUOTED_INCLUDE_IN_FRAMEWORK_HEADER = YES;
				CLANG_WARN_RANGE_LOOP_ANALYSIS = YES;
				CLANG_WARN_STRICT_PROTOTYPES = YES;
				CLANG_WARN_SUSPICIOUS_MOVE = YES;
				CLANG_WARN_UNGUARDED_AVAILABILITY = YES_AGGRESSIVE;
				CLANG_WARN_UNREACHABLE_CODE = YES;
				CLANG_WARN__DUPLICATE_METHOD_MATCH = YES;
				COPY_PHASE_STRIP = NO;
				DEBUG_INFORMATION_FORMAT = dwarf;
				ENABLE_STRICT_OBJC_MSGSEND = YES;
				ENABLE_TESTABILITY = YES;
				GCC_C_LANGUAGE_STANDARD = gnu11;
				GCC_DYNAMIC_NO_PIC = NO;
				GCC_NO_COMMON_BLOCKS = YES;
				GCC_OPTIMIZATION_LEVEL = 0;
				GCC_PREPROCESSOR_DEFINITIONS = (
					"DEBUG=1",
					"$(inherited)",
				);
				GCC_WARN_64_TO_32_BIT_CONVERSION = YES;
				GCC_WARN_ABOUT_RETURN_TYPE = YES_ERROR;
				GCC_WARN_UNDECLARED_SELECTOR = YES;
				GCC_WARN_UNINITIALIZED_AUTOS = YES_AGGRESSIVE;
				GCC_WARN_UNUSED_FUNCTION = YES;
				GCC_WARN_UNUSED_VARIABLE = YES;
				IPHONEOS_DEPLOYMENT_TARGET = 14.3;
				MTL_ENABLE_DEBUG_INFO = INCLUDE_SOURCE;
				MTL_FAST_MATH = YES;
				ONLY_ACTIVE_ARCH = YES;
				SDKROOT = iphoneos;
				SWIFT_ACTIVE_COMPILATION_CONDITIONS = DEBUG;
				SWIFT_OPTIMIZATION_LEVEL = "-Onone";
			};
			name = Debug;
		};
		81A069B725B4F43100C75533 /* Release */ = {
			isa = XCBuildConfiguration;
			buildSettings = {
				ALWAYS_SEARCH_USER_PATHS = NO;
				CLANG_ANALYZER_NONNULL = YES;
				CLANG_ANALYZER_NUMBER_OBJECT_CONVERSION = YES_AGGRESSIVE;
				CLANG_CXX_LANGUAGE_STANDARD = "gnu++14";
				CLANG_CXX_LIBRARY = "libc++";
				CLANG_ENABLE_MODULES = YES;
				CLANG_ENABLE_OBJC_ARC = YES;
				CLANG_ENABLE_OBJC_WEAK = YES;
				CLANG_WARN_BLOCK_CAPTURE_AUTORELEASING = YES;
				CLANG_WARN_BOOL_CONVERSION = YES;
				CLANG_WARN_COMMA = YES;
				CLANG_WARN_CONSTANT_CONVERSION = YES;
				CLANG_WARN_DEPRECATED_OBJC_IMPLEMENTATIONS = YES;
				CLANG_WARN_DIRECT_OBJC_ISA_USAGE = YES_ERROR;
				CLANG_WARN_DOCUMENTATION_COMMENTS = YES;
				CLANG_WARN_EMPTY_BODY = YES;
				CLANG_WARN_ENUM_CONVERSION = YES;
				CLANG_WARN_INFINITE_RECURSION = YES;
				CLANG_WARN_INT_CONVERSION = YES;
				CLANG_WARN_NON_LITERAL_NULL_CONVERSION = YES;
				CLANG_WARN_OBJC_IMPLICIT_RETAIN_SELF = YES;
				CLANG_WARN_OBJC_LITERAL_CONVERSION = YES;
				CLANG_WARN_OBJC_ROOT_CLASS = YES_ERROR;
				CLANG_WARN_QUOTED_INCLUDE_IN_FRAMEWORK_HEADER = YES;
				CLANG_WARN_RANGE_LOOP_ANALYSIS = YES;
				CLANG_WARN_STRICT_PROTOTYPES = YES;
				CLANG_WARN_SUSPICIOUS_MOVE = YES;
				CLANG_WARN_UNGUARDED_AVAILABILITY = YES_AGGRESSIVE;
				CLANG_WARN_UNREACHABLE_CODE = YES;
				CLANG_WARN__DUPLICATE_METHOD_MATCH = YES;
				COPY_PHASE_STRIP = NO;
				DEBUG_INFORMATION_FORMAT = "dwarf-with-dsym";
				ENABLE_NS_ASSERTIONS = NO;
				ENABLE_STRICT_OBJC_MSGSEND = YES;
				GCC_C_LANGUAGE_STANDARD = gnu11;
				GCC_NO_COMMON_BLOCKS = YES;
				GCC_WARN_64_TO_32_BIT_CONVERSION = YES;
				GCC_WARN_ABOUT_RETURN_TYPE = YES_ERROR;
				GCC_WARN_UNDECLARED_SELECTOR = YES;
				GCC_WARN_UNINITIALIZED_AUTOS = YES_AGGRESSIVE;
				GCC_WARN_UNUSED_FUNCTION = YES;
				GCC_WARN_UNUSED_VARIABLE = YES;
				IPHONEOS_DEPLOYMENT_TARGET = 14.3;
				MTL_ENABLE_DEBUG_INFO = NO;
				MTL_FAST_MATH = YES;
				SDKROOT = iphoneos;
				SWIFT_COMPILATION_MODE = wholemodule;
				SWIFT_OPTIMIZATION_LEVEL = "-O";
				VALIDATE_PRODUCT = YES;
			};
			name = Release;
		};
		81A069B925B4F43100C75533 /* Debug */ = {
			isa = XCBuildConfiguration;
			buildSettings = {
				ASSETCATALOG_COMPILER_APPICON_NAME = AppIcon;
				ASSETCATALOG_COMPILER_GLOBAL_ACCENT_COLOR_NAME = AccentColor;
				CODE_SIGN_STYLE = Automatic;
				INFOPLIST_FILE = Tute11CD/Info.plist;
				LD_RUNPATH_SEARCH_PATHS = (
					"$(inherited)",
					"@executable_path/Frameworks",
				);
				PRODUCT_BUNDLE_IDENTIFIER = "Zarif-Karim.Tute11CD";
				PRODUCT_NAME = "$(TARGET_NAME)";
				SWIFT_VERSION = 5.0;
				TARGETED_DEVICE_FAMILY = "1,2";
			};
			name = Debug;
		};
		81A069BA25B4F43100C75533 /* Release */ = {
			isa = XCBuildConfiguration;
			buildSettings = {
				ASSETCATALOG_COMPILER_APPICON_NAME = AppIcon;
				ASSETCATALOG_COMPILER_GLOBAL_ACCENT_COLOR_NAME = AccentColor;
				CODE_SIGN_STYLE = Automatic;
				INFOPLIST_FILE = Tute11CD/Info.plist;
				LD_RUNPATH_SEARCH_PATHS = (
					"$(inherited)",
					"@executable_path/Frameworks",
				);
				PRODUCT_BUNDLE_IDENTIFIER = "Zarif-Karim.Tute11CD";
				PRODUCT_NAME = "$(TARGET_NAME)";
				SWIFT_VERSION = 5.0;
				TARGETED_DEVICE_FAMILY = "1,2";
			};
			name = Release;
		};
		81A069BC25B4F43100C75533 /* Debug */ = {
			isa = XCBuildConfiguration;
			buildSettings = {
				ALWAYS_EMBED_SWIFT_STANDARD_LIBRARIES = YES;
				BUNDLE_LOADER = "$(TEST_HOST)";
				CODE_SIGN_STYLE = Automatic;
				INFOPLIST_FILE = Tute11CDTests/Info.plist;
				IPHONEOS_DEPLOYMENT_TARGET = 14.3;
				LD_RUNPATH_SEARCH_PATHS = (
					"$(inherited)",
					"@executable_path/Frameworks",
					"@loader_path/Frameworks",
				);
				PRODUCT_BUNDLE_IDENTIFIER = "Zarif-Karim.Tute11CDTests";
				PRODUCT_NAME = "$(TARGET_NAME)";
				SWIFT_VERSION = 5.0;
				TARGETED_DEVICE_FAMILY = "1,2";
				TEST_HOST = "$(BUILT_PRODUCTS_DIR)/Tute11CD.app/Tute11CD";
			};
			name = Debug;
		};
		81A069BD25B4F43100C75533 /* Release */ = {
			isa = XCBuildConfiguration;
			buildSettings = {
				ALWAYS_EMBED_SWIFT_STANDARD_LIBRARIES = YES;
				BUNDLE_LOADER = "$(TEST_HOST)";
				CODE_SIGN_STYLE = Automatic;
				INFOPLIST_FILE = Tute11CDTests/Info.plist;
				IPHONEOS_DEPLOYMENT_TARGET = 14.3;
				LD_RUNPATH_SEARCH_PATHS = (
					"$(inherited)",
					"@executable_path/Frameworks",
					"@loader_path/Frameworks",
				);
				PRODUCT_BUNDLE_IDENTIFIER = "Zarif-Karim.Tute11CDTests";
				PRODUCT_NAME = "$(TARGET_NAME)";
				SWIFT_VERSION = 5.0;
				TARGETED_DEVICE_FAMILY = "1,2";
				TEST_HOST = "$(BUILT_PRODUCTS_DIR)/Tute11CD.app/Tute11CD";
			};
			name = Release;
		};
		81A069BF25B4F43100C75533 /* Debug */ = {
			isa = XCBuildConfiguration;
			buildSettings = {
				ALWAYS_EMBED_SWIFT_STANDARD_LIBRARIES = YES;
				CODE_SIGN_STYLE = Automatic;
				INFOPLIST_FILE = Tute11CDUITests/Info.plist;
				LD_RUNPATH_SEARCH_PATHS = (
					"$(inherited)",
					"@executable_path/Frameworks",
					"@loader_path/Frameworks",
				);
				PRODUCT_BUNDLE_IDENTIFIER = "Zarif-Karim.Tute11CDUITests";
				PRODUCT_NAME = "$(TARGET_NAME)";
				SWIFT_VERSION = 5.0;
				TARGETED_DEVICE_FAMILY = "1,2";
				TEST_TARGET_NAME = Tute11CD;
			};
			name = Debug;
		};
		81A069C025B4F43100C75533 /* Release */ = {
			isa = XCBuildConfiguration;
			buildSettings = {
				ALWAYS_EMBED_SWIFT_STANDARD_LIBRARIES = YES;
				CODE_SIGN_STYLE = Automatic;
				INFOPLIST_FILE = Tute11CDUITests/Info.plist;
				LD_RUNPATH_SEARCH_PATHS = (
					"$(inherited)",
					"@executable_path/Frameworks",
					"@loader_path/Frameworks",
				);
				PRODUCT_BUNDLE_IDENTIFIER = "Zarif-Karim.Tute11CDUITests";
				PRODUCT_NAME = "$(TARGET_NAME)";
				SWIFT_VERSION = 5.0;
				TARGETED_DEVICE_FAMILY = "1,2";
				TEST_TARGET_NAME = Tute11CD;
			};
			name = Release;
		};
/* End XCBuildConfiguration section */

/* Begin XCConfigurationList section */
		81A0698625B4F42E00C75533 /* Build configuration list for PBXProject "Tute11CD" */ = {
			isa = XCConfigurationList;
			buildConfigurations = (
				81A069B625B4F43100C75533 /* Debug */,
				81A069B725B4F43100C75533 /* Release */,
			);
			defaultConfigurationIsVisible = 0;
			defaultConfigurationName = Release;
		};
		81A069B825B4F43100C75533 /* Build configuration list for PBXNativeTarget "Tute11CD" */ = {
			isa = XCConfigurationList;
			buildConfigurations = (
				81A069B925B4F43100C75533 /* Debug */,
				81A069BA25B4F43100C75533 /* Release */,
			);
			defaultConfigurationIsVisible = 0;
			defaultConfigurationName = Release;
		};
		81A069BB25B4F43100C75533 /* Build configuration list for PBXNativeTarget "Tute11CDTests" */ = {
			isa = XCConfigurationList;
			buildConfigurations = (
				81A069BC25B4F43100C75533 /* Debug */,
				81A069BD25B4F43100C75533 /* Release */,
			);
			defaultConfigurationIsVisible = 0;
			defaultConfigurationName = Release;
		};
		81A069BE25B4F43100C75533 /* Build configuration list for PBXNativeTarget "Tute11CDUITests" */ = {
			isa = XCConfigurationList;
			buildConfigurations = (
				81A069BF25B4F43100C75533 /* Debug */,
				81A069C025B4F43100C75533 /* Release */,
			);
			defaultConfigurationIsVisible = 0;
			defaultConfigurationName = Release;
		};
/* End XCConfigurationList section */

/* Begin XCVersionGroup section */
		81A0699725B4F42E00C75533 /* Tute11CD.xcdatamodeld */ = {
			isa = XCVersionGroup;
			children = (
				81A0699825B4F42E00C75533 /* Tute11CD.xcdatamodel */,
			);
			currentVersion = 81A0699825B4F42E00C75533 /* Tute11CD.xcdatamodel */;
			path = Tute11CD.xcdatamodeld;
			sourceTree = "<group>";
			versionGroupType = wrapper.xcdatamodel;
		};
/* End XCVersionGroup section */
	};
	rootObject = 81A0698325B4F42E00C75533 /* Project object */;
}
