// !$*UTF8*$!
{
	archiveVersion = 1;
	classes = {
	};
	objectVersion = 50;
	objects = {

/* Begin PBXBuildFile section */
		816BB91D25AEA34B00FDC276 /* AppDelegate.swift in Sources */ = {isa = PBXBuildFile; fileRef = 816BB91C25AEA34B00FDC276 /* AppDelegate.swift */; };
		816BB91F25AEA34B00FDC276 /* SceneDelegate.swift in Sources */ = {isa = PBXBuildFile; fileRef = 816BB91E25AEA34B00FDC276 /* SceneDelegate.swift */; };
		816BB92125AEA34B00FDC276 /* ViewController.swift in Sources */ = {isa = PBXBuildFile; fileRef = 816BB92025AEA34B00FDC276 /* ViewController.swift */; };
		816BB92425AEA34B00FDC276 /* Main.storyboard in Resources */ = {isa = PBXBuildFile; fileRef = 816BB92225AEA34B00FDC276 /* Main.storyboard */; };
		816BB92625AEA34F00FDC276 /* Assets.xcassets in Resources */ = {isa = PBXBuildFile; fileRef = 816BB92525AEA34F00FDC276 /* Assets.xcassets */; };
		816BB92925AEA34F00FDC276 /* LaunchScreen.storyboard in Resources */ = {isa = PBXBuildFile; fileRef = 816BB92725AEA34F00FDC276 /* LaunchScreen.storyboard */; };
		816BB93425AEA35000FDC276 /* Tute10q4Tests.swift in Sources */ = {isa = PBXBuildFile; fileRef = 816BB93325AEA35000FDC276 /* Tute10q4Tests.swift */; };
		816BB93F25AEA35000FDC276 /* Tute10q4UITests.swift in Sources */ = {isa = PBXBuildFile; fileRef = 816BB93E25AEA35000FDC276 /* Tute10q4UITests.swift */; };
/* End PBXBuildFile section */

/* Begin PBXContainerItemProxy section */
		816BB93025AEA35000FDC276 /* PBXContainerItemProxy */ = {
			isa = PBXContainerItemProxy;
			containerPortal = 816BB91125AEA34B00FDC276 /* Project object */;
			proxyType = 1;
			remoteGlobalIDString = 816BB91825AEA34B00FDC276;
			remoteInfo = Tute10q4;
		};
		816BB93B25AEA35000FDC276 /* PBXContainerItemProxy */ = {
			isa = PBXContainerItemProxy;
			containerPortal = 816BB91125AEA34B00FDC276 /* Project object */;
			proxyType = 1;
			remoteGlobalIDString = 816BB91825AEA34B00FDC276;
			remoteInfo = Tute10q4;
		};
/* End PBXContainerItemProxy section */

/* Begin PBXFileReference section */
		816BB91925AEA34B00FDC276 /* Tute10q4.app */ = {isa = PBXFileReference; explicitFileType = wrapper.application; includeInIndex = 0; path = Tute10q4.app; sourceTree = BUILT_PRODUCTS_DIR; };
		816BB91C25AEA34B00FDC276 /* AppDelegate.swift */ = {isa = PBXFileReference; lastKnownFileType = sourcecode.swift; path = AppDelegate.swift; sourceTree = "<group>"; };
		816BB91E25AEA34B00FDC276 /* SceneDelegate.swift */ = {isa = PBXFileReference; lastKnownFileType = sourcecode.swift; path = SceneDelegate.swift; sourceTree = "<group>"; };
		816BB92025AEA34B00FDC276 /* ViewController.swift */ = {isa = PBXFileReference; lastKnownFileType = sourcecode.swift; path = ViewController.swift; sourceTree = "<group>"; };
		816BB92325AEA34B00FDC276 /* Base */ = {isa = PBXFileReference; lastKnownFileType = file.storyboard; name = Base; path = Base.lproj/Main.storyboard; sourceTree = "<group>"; };
		816BB92525AEA34F00FDC276 /* Assets.xcassets */ = {isa = PBXFileReference; lastKnownFileType = folder.assetcatalog; path = Assets.xcassets; sourceTree = "<group>"; };
		816BB92825AEA34F00FDC276 /* Base */ = {isa = PBXFileReference; lastKnownFileType = file.storyboard; name = Base; path = Base.lproj/LaunchScreen.storyboard; sourceTree = "<group>"; };
		816BB92A25AEA34F00FDC276 /* Info.plist */ = {isa = PBXFileReference; lastKnownFileType = text.plist.xml; path = Info.plist; sourceTree = "<group>"; };
		816BB92F25AEA35000FDC276 /* Tute10q4Tests.xctest */ = {isa = PBXFileReference; explicitFileType = wrapper.cfbundle; includeInIndex = 0; path = Tute10q4Tests.xctest; sourceTree = BUILT_PRODUCTS_DIR; };
		816BB93325AEA35000FDC276 /* Tute10q4Tests.swift */ = {isa = PBXFileReference; lastKnownFileType = sourcecode.swift; path = Tute10q4Tests.swift; sourceTree = "<group>"; };
		816BB93525AEA35000FDC276 /* Info.plist */ = {isa = PBXFileReference; lastKnownFileType = text.plist.xml; path = Info.plist; sourceTree = "<group>"; };
		816BB93A25AEA35000FDC276 /* Tute10q4UITests.xctest */ = {isa = PBXFileReference; explicitFileType = wrapper.cfbundle; includeInIndex = 0; path = Tute10q4UITests.xctest; sourceTree = BUILT_PRODUCTS_DIR; };
		816BB93E25AEA35000FDC276 /* Tute10q4UITests.swift */ = {isa = PBXFileReference; lastKnownFileType = sourcecode.swift; path = Tute10q4UITests.swift; sourceTree = "<group>"; };
		816BB94025AEA35000FDC276 /* Info.plist */ = {isa = PBXFileReference; lastKnownFileType = text.plist.xml; path = Info.plist; sourceTree = "<group>"; };
/* End PBXFileReference section */

/* Begin PBXFrameworksBuildPhase section */
		816BB91625AEA34B00FDC276 /* Frameworks */ = {
			isa = PBXFrameworksBuildPhase;
			buildActionMask = 2147483647;
			files = (
			);
			runOnlyForDeploymentPostprocessing = 0;
		};
		816BB92C25AEA35000FDC276 /* Frameworks */ = {
			isa = PBXFrameworksBuildPhase;
			buildActionMask = 2147483647;
			files = (
			);
			runOnlyForDeploymentPostprocessing = 0;
		};
		816BB93725AEA35000FDC276 /* Frameworks */ = {
			isa = PBXFrameworksBuildPhase;
			buildActionMask = 2147483647;
			files = (
			);
			runOnlyForDeploymentPostprocessing = 0;
		};
/* End PBXFrameworksBuildPhase section */

/* Begin PBXGroup section */
		816BB91025AEA34B00FDC276 = {
			isa = PBXGroup;
			children = (
				816BB91B25AEA34B00FDC276 /* Tute10q4 */,
				816BB93225AEA35000FDC276 /* Tute10q4Tests */,
				816BB93D25AEA35000FDC276 /* Tute10q4UITests */,
				816BB91A25AEA34B00FDC276 /* Products */,
			);
			sourceTree = "<group>";
		};
		816BB91A25AEA34B00FDC276 /* Products */ = {
			isa = PBXGroup;
			children = (
				816BB91925AEA34B00FDC276 /* Tute10q4.app */,
				816BB92F25AEA35000FDC276 /* Tute10q4Tests.xctest */,
				816BB93A25AEA35000FDC276 /* Tute10q4UITests.xctest */,
			);
			name = Products;
			sourceTree = "<group>";
		};
		816BB91B25AEA34B00FDC276 /* Tute10q4 */ = {
			isa = PBXGroup;
			children = (
				816BB91C25AEA34B00FDC276 /* AppDelegate.swift */,
				816BB91E25AEA34B00FDC276 /* SceneDelegate.swift */,
				816BB92025AEA34B00FDC276 /* ViewController.swift */,
				816BB92225AEA34B00FDC276 /* Main.storyboard */,
				816BB92525AEA34F00FDC276 /* Assets.xcassets */,
				816BB92725AEA34F00FDC276 /* LaunchScreen.storyboard */,
				816BB92A25AEA34F00FDC276 /* Info.plist */,
			);
			path = Tute10q4;
			sourceTree = "<group>";
		};
		816BB93225AEA35000FDC276 /* Tute10q4Tests */ = {
			isa = PBXGroup;
			children = (
				816BB93325AEA35000FDC276 /* Tute10q4Tests.swift */,
				816BB93525AEA35000FDC276 /* Info.plist */,
			);
			path = Tute10q4Tests;
			sourceTree = "<group>";
		};
		816BB93D25AEA35000FDC276 /* Tute10q4UITests */ = {
			isa = PBXGroup;
			children = (
				816BB93E25AEA35000FDC276 /* Tute10q4UITests.swift */,
				816BB94025AEA35000FDC276 /* Info.plist */,
			);
			path = Tute10q4UITests;
			sourceTree = "<group>";
		};
/* End PBXGroup section */

/* Begin PBXNativeTarget section */
		816BB91825AEA34B00FDC276 /* Tute10q4 */ = {
			isa = PBXNativeTarget;
			buildConfigurationList = 816BB94325AEA35000FDC276 /* Build configuration list for PBXNativeTarget "Tute10q4" */;
			buildPhases = (
				816BB91525AEA34B00FDC276 /* Sources */,
				816BB91625AEA34B00FDC276 /* Frameworks */,
				816BB91725AEA34B00FDC276 /* Resources */,
			);
			buildRules = (
			);
			dependencies = (
			);
			name = Tute10q4;
			productName = Tute10q4;
			productReference = 816BB91925AEA34B00FDC276 /* Tute10q4.app */;
			productType = "com.apple.product-type.application";
		};
		816BB92E25AEA35000FDC276 /* Tute10q4Tests */ = {
			isa = PBXNativeTarget;
			buildConfigurationList = 816BB94625AEA35000FDC276 /* Build configuration list for PBXNativeTarget "Tute10q4Tests" */;
			buildPhases = (
				816BB92B25AEA35000FDC276 /* Sources */,
				816BB92C25AEA35000FDC276 /* Frameworks */,
				816BB92D25AEA35000FDC276 /* Resources */,
			);
			buildRules = (
			);
			dependencies = (
				816BB93125AEA35000FDC276 /* PBXTargetDependency */,
			);
			name = Tute10q4Tests;
			productName = Tute10q4Tests;
			productReference = 816BB92F25AEA35000FDC276 /* Tute10q4Tests.xctest */;
			productType = "com.apple.product-type.bundle.unit-test";
		};
		816BB93925AEA35000FDC276 /* Tute10q4UITests */ = {
			isa = PBXNativeTarget;
			buildConfigurationList = 816BB94925AEA35000FDC276 /* Build configuration list for PBXNativeTarget "Tute10q4UITests" */;
			buildPhases = (
				816BB93625AEA35000FDC276 /* Sources */,
				816BB93725AEA35000FDC276 /* Frameworks */,
				816BB93825AEA35000FDC276 /* Resources */,
			);
			buildRules = (
			);
			dependencies = (
				816BB93C25AEA35000FDC276 /* PBXTargetDependency */,
			);
			name = Tute10q4UITests;
			productName = Tute10q4UITests;
			productReference = 816BB93A25AEA35000FDC276 /* Tute10q4UITests.xctest */;
			productType = "com.apple.product-type.bundle.ui-testing";
		};
/* End PBXNativeTarget section */

/* Begin PBXProject section */
		816BB91125AEA34B00FDC276 /* Project object */ = {
			isa = PBXProject;
			attributes = {
				LastSwiftUpdateCheck = 1230;
				LastUpgradeCheck = 1230;
				TargetAttributes = {
					816BB91825AEA34B00FDC276 = {
						CreatedOnToolsVersion = 12.3;
					};
					816BB92E25AEA35000FDC276 = {
						CreatedOnToolsVersion = 12.3;
						TestTargetID = 816BB91825AEA34B00FDC276;
					};
					816BB93925AEA35000FDC276 = {
						CreatedOnToolsVersion = 12.3;
						TestTargetID = 816BB91825AEA34B00FDC276;
					};
				};
			};
			buildConfigurationList = 816BB91425AEA34B00FDC276 /* Build configuration list for PBXProject "Tute10q4" */;
			compatibilityVersion = "Xcode 9.3";
			developmentRegion = en;
			hasScannedForEncodings = 0;
			knownRegions = (
				en,
				Base,
			);
			mainGroup = 816BB91025AEA34B00FDC276;
			productRefGroup = 816BB91A25AEA34B00FDC276 /* Products */;
			projectDirPath = "";
			projectRoot = "";
			targets = (
				816BB91825AEA34B00FDC276 /* Tute10q4 */,
				816BB92E25AEA35000FDC276 /* Tute10q4Tests */,
				816BB93925AEA35000FDC276 /* Tute10q4UITests */,
			);
		};
/* End PBXProject section */

/* Begin PBXResourcesBuildPhase section */
		816BB91725AEA34B00FDC276 /* Resources */ = {
			isa = PBXResourcesBuildPhase;
			buildActionMask = 2147483647;
			files = (
				816BB92925AEA34F00FDC276 /* LaunchScreen.storyboard in Resources */,
				816BB92625AEA34F00FDC276 /* Assets.xcassets in Resources */,
				816BB92425AEA34B00FDC276 /* Main.storyboard in Resources */,
			);
			runOnlyForDeploymentPostprocessing = 0;
		};
		816BB92D25AEA35000FDC276 /* Resources */ = {
			isa = PBXResourcesBuildPhase;
			buildActionMask = 2147483647;
			files = (
			);
			runOnlyForDeploymentPostprocessing = 0;
		};
		816BB93825AEA35000FDC276 /* Resources */ = {
			isa = PBXResourcesBuildPhase;
			buildActionMask = 2147483647;
			files = (
			);
			runOnlyForDeploymentPostprocessing = 0;
		};
/* End PBXResourcesBuildPhase section */

/* Begin PBXSourcesBuildPhase section */
		816BB91525AEA34B00FDC276 /* Sources */ = {
			isa = PBXSourcesBuildPhase;
			buildActionMask = 2147483647;
			files = (
				816BB92125AEA34B00FDC276 /* ViewController.swift in Sources */,
				816BB91D25AEA34B00FDC276 /* AppDelegate.swift in Sources */,
				816BB91F25AEA34B00FDC276 /* SceneDelegate.swift in Sources */,
			);
			runOnlyForDeploymentPostprocessing = 0;
		};
		816BB92B25AEA35000FDC276 /* Sources */ = {
			isa = PBXSourcesBuildPhase;
			buildActionMask = 2147483647;
			files = (
				816BB93425AEA35000FDC276 /* Tute10q4Tests.swift in Sources */,
			);
			runOnlyForDeploymentPostprocessing = 0;
		};
		816BB93625AEA35000FDC276 /* Sources */ = {
			isa = PBXSourcesBuildPhase;
			buildActionMask = 2147483647;
			files = (
				816BB93F25AEA35000FDC276 /* Tute10q4UITests.swift in Sources */,
			);
			runOnlyForDeploymentPostprocessing = 0;
		};
/* End PBXSourcesBuildPhase section */

/* Begin PBXTargetDependency section */
		816BB93125AEA35000FDC276 /* PBXTargetDependency */ = {
			isa = PBXTargetDependency;
			target = 816BB91825AEA34B00FDC276 /* Tute10q4 */;
			targetProxy = 816BB93025AEA35000FDC276 /* PBXContainerItemProxy */;
		};
		816BB93C25AEA35000FDC276 /* PBXTargetDependency */ = {
			isa = PBXTargetDependency;
			target = 816BB91825AEA34B00FDC276 /* Tute10q4 */;
			targetProxy = 816BB93B25AEA35000FDC276 /* PBXContainerItemProxy */;
		};
/* End PBXTargetDependency section */

/* Begin PBXVariantGroup section */
		816BB92225AEA34B00FDC276 /* Main.storyboard */ = {
			isa = PBXVariantGroup;
			children = (
				816BB92325AEA34B00FDC276 /* Base */,
			);
			name = Main.storyboard;
			sourceTree = "<group>";
		};
		816BB92725AEA34F00FDC276 /* LaunchScreen.storyboard */ = {
			isa = PBXVariantGroup;
			children = (
				816BB92825AEA34F00FDC276 /* Base */,
			);
			name = LaunchScreen.storyboard;
			sourceTree = "<group>";
		};
/* End PBXVariantGroup section */

/* Begin XCBuildConfiguration section */
		816BB94125AEA35000FDC276 /* Debug */ = {
			isa = XCBuildConfiguration;
			buildSettings = {
				ALWAYS_SEARCH_USER_PATHS = NO;
				CLANG_ANALYZER_NONNULL = YES;
				CLANG_ANALYZER_NUMBER_OBJECT_CONVERSION = YES_AGGRESSIVE;
				CLANG_CXX_LANGUAGE_STANDARD = "gnu++14";
				CLANG_CXX_LIBRARY = "libc++";
				CLANG_ENABLE_MODULES = YES;
				CLANG_ENABLE_OBJC_ARC = YES;
				CLANG_ENABLE_OBJC_WEAK = YES;
				CLANG_WARN_BLOCK_CAPTURE_AUTORELEASING = YES;
				CLANG_WARN_BOOL_CONVERSION = YES;
				CLANG_WARN_COMMA = YES;
				CLANG_WARN_CONSTANT_CONVERSION = YES;
				CLANG_WARN_DEPRECATED_OBJC_IMPLEMENTATIONS = YES;
				CLANG_WARN_DIRECT_OBJC_ISA_USAGE = YES_ERROR;
				CLANG_WARN_DOCUMENTATION_COMMENTS = YES;
				CLANG_WARN_EMPTY_BODY = YES;
				CLANG_WARN_ENUM_CONVERSION = YES;
				CLANG_WARN_INFINITE_RECURSION = YES;
				CLANG_WARN_INT_CONVERSION = YES;
				CLANG_WARN_NON_LITERAL_NULL_CONVERSION = YES;
				CLANG_WARN_OBJC_IMPLICIT_RETAIN_SELF = YES;
				CLANG_WARN_OBJC_LITERAL_CONVERSION = YES;
				CLANG_WARN_OBJC_ROOT_CLASS = YES_ERROR;
				CLANG_WARN_QUOTED_INCLUDE_IN_FRAMEWORK_HEADER = YES;
				CLANG_WARN_RANGE_LOOP_ANALYSIS = YES;
				CLANG_WARN_STRICT_PROTOTYPES = YES;
				CLANG_WARN_SUSPICIOUS_MOVE = YES;
				CLANG_WARN_UNGUARDED_AVAILABILITY = YES_AGGRESSIVE;
				CLANG_WARN_UNREACHABLE_CODE = YES;
				CLANG_WARN__DUPLICATE_METHOD_MATCH = YES;
				COPY_PHASE_STRIP = NO;
				DEBUG_INFORMATION_FORMAT = dwarf;
				ENABLE_STRICT_OBJC_MSGSEND = YES;
				ENABLE_TESTABILITY = YES;
				GCC_C_LANGUAGE_STANDARD = gnu11;
				GCC_DYNAMIC_NO_PIC = NO;
				GCC_NO_COMMON_BLOCKS = YES;
				GCC_OPTIMIZATION_LEVEL = 0;
				GCC_PREPROCESSOR_DEFINITIONS = (
					"DEBUG=1",
					"$(inherited)",
				);
				GCC_WARN_64_TO_32_BIT_CONVERSION = YES;
				GCC_WARN_ABOUT_RETURN_TYPE = YES_ERROR;
				GCC_WARN_UNDECLARED_SELECTOR = YES;
				GCC_WARN_UNINITIALIZED_AUTOS = YES_AGGRESSIVE;
				GCC_WARN_UNUSED_FUNCTION = YES;
				GCC_WARN_UNUSED_VARIABLE = YES;
				IPHONEOS_DEPLOYMENT_TARGET = 14.3;
				MTL_ENABLE_DEBUG_INFO = INCLUDE_SOURCE;
				MTL_FAST_MATH = YES;
				ONLY_ACTIVE_ARCH = YES;
				SDKROOT = iphoneos;
				SWIFT_ACTIVE_COMPILATION_CONDITIONS = DEBUG;
				SWIFT_OPTIMIZATION_LEVEL = "-Onone";
			};
			name = Debug;
		};
		816BB94225AEA35000FDC276 /* Release */ = {
			isa = XCBuildConfiguration;
			buildSettings = {
				ALWAYS_SEARCH_USER_PATHS = NO;
				CLANG_ANALYZER_NONNULL = YES;
				CLANG_ANALYZER_NUMBER_OBJECT_CONVERSION = YES_AGGRESSIVE;
				CLANG_CXX_LANGUAGE_STANDARD = "gnu++14";
				CLANG_CXX_LIBRARY = "libc++";
				CLANG_ENABLE_MODULES = YES;
				CLANG_ENABLE_OBJC_ARC = YES;
				CLANG_ENABLE_OBJC_WEAK = YES;
				CLANG_WARN_BLOCK_CAPTURE_AUTORELEASING = YES;
				CLANG_WARN_BOOL_CONVERSION = YES;
				CLANG_WARN_COMMA = YES;
				CLANG_WARN_CONSTANT_CONVERSION = YES;
				CLANG_WARN_DEPRECATED_OBJC_IMPLEMENTATIONS = YES;
				CLANG_WARN_DIRECT_OBJC_ISA_USAGE = YES_ERROR;
				CLANG_WARN_DOCUMENTATION_COMMENTS = YES;
				CLANG_WARN_EMPTY_BODY = YES;
				CLANG_WARN_ENUM_CONVERSION = YES;
				CLANG_WARN_INFINITE_RECURSION = YES;
				CLANG_WARN_INT_CONVERSION = YES;
				CLANG_WARN_NON_LITERAL_NULL_CONVERSION = YES;
				CLANG_WARN_OBJC_IMPLICIT_RETAIN_SELF = YES;
				CLANG_WARN_OBJC_LITERAL_CONVERSION = YES;
				CLANG_WARN_OBJC_ROOT_CLASS = YES_ERROR;
				CLANG_WARN_QUOTED_INCLUDE_IN_FRAMEWORK_HEADER = YES;
				CLANG_WARN_RANGE_LOOP_ANALYSIS = YES;
				CLANG_WARN_STRICT_PROTOTYPES = YES;
				CLANG_WARN_SUSPICIOUS_MOVE = YES;
				CLANG_WARN_UNGUARDED_AVAILABILITY = YES_AGGRESSIVE;
				CLANG_WARN_UNREACHABLE_CODE = YES;
				CLANG_WARN__DUPLICATE_METHOD_MATCH = YES;
				COPY_PHASE_STRIP = NO;
				DEBUG_INFORMATION_FORMAT = "dwarf-with-dsym";
				ENABLE_NS_ASSERTIONS = NO;
				ENABLE_STRICT_OBJC_MSGSEND = YES;
				GCC_C_LANGUAGE_STANDARD = gnu11;
				GCC_NO_COMMON_BLOCKS = YES;
				GCC_WARN_64_TO_32_BIT_CONVERSION = YES;
				GCC_WARN_ABOUT_RETURN_TYPE = YES_ERROR;
				GCC_WARN_UNDECLARED_SELECTOR = YES;
				GCC_WARN_UNINITIALIZED_AUTOS = YES_AGGRESSIVE;
				GCC_WARN_UNUSED_FUNCTION = YES;
				GCC_WARN_UNUSED_VARIABLE = YES;
				IPHONEOS_DEPLOYMENT_TARGET = 14.3;
				MTL_ENABLE_DEBUG_INFO = NO;
				MTL_FAST_MATH = YES;
				SDKROOT = iphoneos;
				SWIFT_COMPILATION_MODE = wholemodule;
				SWIFT_OPTIMIZATION_LEVEL = "-O";
				VALIDATE_PRODUCT = YES;
			};
			name = Release;
		};
		816BB94425AEA35000FDC276 /* Debug */ = {
			isa = XCBuildConfiguration;
			buildSettings = {
				ASSETCATALOG_COMPILER_APPICON_NAME = AppIcon;
				ASSETCATALOG_COMPILER_GLOBAL_ACCENT_COLOR_NAME = AccentColor;
				CODE_SIGN_STYLE = Automatic;
				INFOPLIST_FILE = Tute10q4/Info.plist;
				LD_RUNPATH_SEARCH_PATHS = (
					"$(inherited)",
					"@executable_path/Frameworks",
				);
				PRODUCT_BUNDLE_IDENTIFIER = "Zarif-Karim.Tute10q4";
				PRODUCT_NAME = "$(TARGET_NAME)";
				SWIFT_VERSION = 5.0;
				TARGETED_DEVICE_FAMILY = "1,2";
			};
			name = Debug;
		};
		816BB94525AEA35000FDC276 /* Release */ = {
			isa = XCBuildConfiguration;
			buildSettings = {
				ASSETCATALOG_COMPILER_APPICON_NAME = AppIcon;
				ASSETCATALOG_COMPILER_GLOBAL_ACCENT_COLOR_NAME = AccentColor;
				CODE_SIGN_STYLE = Automatic;
				INFOPLIST_FILE = Tute10q4/Info.plist;
				LD_RUNPATH_SEARCH_PATHS = (
					"$(inherited)",
					"@executable_path/Frameworks",
				);
				PRODUCT_BUNDLE_IDENTIFIER = "Zarif-Karim.Tute10q4";
				PRODUCT_NAME = "$(TARGET_NAME)";
				SWIFT_VERSION = 5.0;
				TARGETED_DEVICE_FAMILY = "1,2";
			};
			name = Release;
		};
		816BB94725AEA35000FDC276 /* Debug */ = {
			isa = XCBuildConfiguration;
			buildSettings = {
				ALWAYS_EMBED_SWIFT_STANDARD_LIBRARIES = YES;
				BUNDLE_LOADER = "$(TEST_HOST)";
				CODE_SIGN_STYLE = Automatic;
				INFOPLIST_FILE = Tute10q4Tests/Info.plist;
				IPHONEOS_DEPLOYMENT_TARGET = 14.3;
				LD_RUNPATH_SEARCH_PATHS = (
					"$(inherited)",
					"@executable_path/Frameworks",
					"@loader_path/Frameworks",
				);
				PRODUCT_BUNDLE_IDENTIFIER = "Zarif-Karim.Tute10q4Tests";
				PRODUCT_NAME = "$(TARGET_NAME)";
				SWIFT_VERSION = 5.0;
				TARGETED_DEVICE_FAMILY = "1,2";
				TEST_HOST = "$(BUILT_PRODUCTS_DIR)/Tute10q4.app/Tute10q4";
			};
			name = Debug;
		};
		816BB94825AEA35000FDC276 /* Release */ = {
			isa = XCBuildConfiguration;
			buildSettings = {
				ALWAYS_EMBED_SWIFT_STANDARD_LIBRARIES = YES;
				BUNDLE_LOADER = "$(TEST_HOST)";
				CODE_SIGN_STYLE = Automatic;
				INFOPLIST_FILE = Tute10q4Tests/Info.plist;
				IPHONEOS_DEPLOYMENT_TARGET = 14.3;
				LD_RUNPATH_SEARCH_PATHS = (
					"$(inherited)",
					"@executable_path/Frameworks",
					"@loader_path/Frameworks",
				);
				PRODUCT_BUNDLE_IDENTIFIER = "Zarif-Karim.Tute10q4Tests";
				PRODUCT_NAME = "$(TARGET_NAME)";
				SWIFT_VERSION = 5.0;
				TARGETED_DEVICE_FAMILY = "1,2";
				TEST_HOST = "$(BUILT_PRODUCTS_DIR)/Tute10q4.app/Tute10q4";
			};
			name = Release;
		};
		816BB94A25AEA35000FDC276 /* Debug */ = {
			isa = XCBuildConfiguration;
			buildSettings = {
				ALWAYS_EMBED_SWIFT_STANDARD_LIBRARIES = YES;
				CODE_SIGN_STYLE = Automatic;
				INFOPLIST_FILE = Tute10q4UITests/Info.plist;
				LD_RUNPATH_SEARCH_PATHS = (
					"$(inherited)",
					"@executable_path/Frameworks",
					"@loader_path/Frameworks",
				);
				PRODUCT_BUNDLE_IDENTIFIER = "Zarif-Karim.Tute10q4UITests";
				PRODUCT_NAME = "$(TARGET_NAME)";
				SWIFT_VERSION = 5.0;
				TARGETED_DEVICE_FAMILY = "1,2";
				TEST_TARGET_NAME = Tute10q4;
			};
			name = Debug;
		};
		816BB94B25AEA35000FDC276 /* Release */ = {
			isa = XCBuildConfiguration;
			buildSettings = {
				ALWAYS_EMBED_SWIFT_STANDARD_LIBRARIES = YES;
				CODE_SIGN_STYLE = Automatic;
				INFOPLIST_FILE = Tute10q4UITests/Info.plist;
				LD_RUNPATH_SEARCH_PATHS = (
					"$(inherited)",
					"@executable_path/Frameworks",
					"@loader_path/Frameworks",
				);
				PRODUCT_BUNDLE_IDENTIFIER = "Zarif-Karim.Tute10q4UITests";
				PRODUCT_NAME = "$(TARGET_NAME)";
				SWIFT_VERSION = 5.0;
				TARGETED_DEVICE_FAMILY = "1,2";
				TEST_TARGET_NAME = Tute10q4;
			};
			name = Release;
		};
/* End XCBuildConfiguration section */

/* Begin XCConfigurationList section */
		816BB91425AEA34B00FDC276 /* Build configuration list for PBXProject "Tute10q4" */ = {
			isa = XCConfigurationList;
			buildConfigurations = (
				816BB94125AEA35000FDC276 /* Debug */,
				816BB94225AEA35000FDC276 /* Release */,
			);
			defaultConfigurationIsVisible = 0;
			defaultConfigurationName = Release;
		};
		816BB94325AEA35000FDC276 /* Build configuration list for PBXNativeTarget "Tute10q4" */ = {
			isa = XCConfigurationList;
			buildConfigurations = (
				816BB94425AEA35000FDC276 /* Debug */,
				816BB94525AEA35000FDC276 /* Release */,
			);
			defaultConfigurationIsVisible = 0;
			defaultConfigurationName = Release;
		};
		816BB94625AEA35000FDC276 /* Build configuration list for PBXNativeTarget "Tute10q4Tests" */ = {
			isa = XCConfigurationList;
			buildConfigurations = (
				816BB94725AEA35000FDC276 /* Debug */,
				816BB94825AEA35000FDC276 /* Release */,
			);
			defaultConfigurationIsVisible = 0;
			defaultConfigurationName = Release;
		};
		816BB94925AEA35000FDC276 /* Build configuration list for PBXNativeTarget "Tute10q4UITests" */ = {
			isa = XCConfigurationList;
			buildConfigurations = (
				816BB94A25AEA35000FDC276 /* Debug */,
				816BB94B25AEA35000FDC276 /* Release */,
			);
			defaultConfigurationIsVisible = 0;
			defaultConfigurationName = Release;
		};
/* End XCConfigurationList section */
	};
	rootObject = 816BB91125AEA34B00FDC276 /* Project object */;
}
